
Microsoft Visual Studio Solution File, Format Version 12.00
# Visual Studio 14
VisualStudioVersion = 14.0.23107.0
MinimumVisualStudioVersion = 10.0.40219.1
Project("{FAE04EC0-301F-11D3-BF4B-00C04F79EFBC}") = "stonefw.Biz", "stonefw.Biz\stonefw.Biz.csproj", "{3DEC0AD6-30DF-43C6-B8A3-D0376DCA88DF}"
EndProject
Project("{FAE04EC0-301F-11D3-BF4B-00C04F79EFBC}") = "stonefw.Entity", "stonefw.Entity\stonefw.Entity.csproj", "{FA43E73B-A3F4-4A80-A662-0307CF3F7941}"
EndProject
Project("{FAE04EC0-301F-11D3-BF4B-00C04F79EFBC}") = "stonefw.CodeGenerate", "stonefw.GenCode\stonefw.CodeGenerate.csproj", "{114CA120-D272-43F3-8170-6FDFDB27E525}"
EndProject
Project("{FAE04EC0-301F-11D3-BF4B-00C04F79EFBC}") = "stonefw.Utility", "stonefw.Utility\stonefw.Utility.csproj", "{4F097047-9CD3-4876-9D18-8AE0856CD1C1}"
EndProject
Project("{FAE04EC0-301F-11D3-BF4B-00C04F79EFBC}") = "stonefw.Web", "stonefw.Web\stonefw.Web.csproj", "{C053B5B7-6BBD-42DF-A753-EC94A2D834C0}"
EndProject
Global
	GlobalSection(SolutionConfigurationPlatforms) = preSolution
		Debug|Any CPU = Debug|Any CPU
		Release|Any CPU = Release|Any CPU
	EndGlobalSection
	GlobalSection(ProjectConfigurationPlatforms) = postSolution
		{3DEC0AD6-30DF-43C6-B8A3-D0376DCA88DF}.Debug|Any CPU.ActiveCfg = Debug|Any CPU
		{3DEC0AD6-30DF-43C6-B8A3-D0376DCA88DF}.Debug|Any CPU.Build.0 = Debug|Any CPU
		{3DEC0AD6-30DF-43C6-B8A3-D0376DCA88DF}.Release|Any CPU.ActiveCfg = Release|Any CPU
		{3DEC0AD6-30DF-43C6-B8A3-D0376DCA88DF}.Release|Any CPU.Build.0 = Release|Any CPU
		{FA43E73B-A3F4-4A80-A662-0307CF3F7941}.Debug|Any CPU.ActiveCfg = Debug|Any CPU
		{FA43E73B-A3F4-4A80-A662-0307CF3F7941}.Debug|Any CPU.Build.0 = Debug|Any CPU
		{FA43E73B-A3F4-4A80-A662-0307CF3F7941}.Release|Any CPU.ActiveCfg = Release|Any CPU
		{FA43E73B-A3F4-4A80-A662-0307CF3F7941}.Release|Any CPU.Build.0 = Release|Any CPU
		{114CA120-D272-43F3-8170-6FDFDB27E525}.Debug|Any CPU.ActiveCfg = Debug|Any CPU
		{114CA120-D272-43F3-8170-6FDFDB27E525}.Debug|Any CPU.Build.0 = Debug|Any CPU
		{114CA120-D272-43F3-8170-6FDFDB27E525}.Release|Any CPU.ActiveCfg = Release|Any CPU
		{114CA120-D272-43F3-8170-6FDFDB27E525}.Release|Any CPU.Build.0 = Release|Any CPU
		{4F097047-9CD3-4876-9D18-8AE0856CD1C1}.Debug|Any CPU.ActiveCfg = Debug|Any CPU
		{4F097047-9CD3-4876-9D18-8AE0856CD1C1}.Debug|Any CPU.Build.0 = Debug|Any CPU
		{4F097047-9CD3-4876-9D18-8AE0856CD1C1}.Release|Any CPU.ActiveCfg = Release|Any CPU
		{4F097047-9CD3-4876-9D18-8AE0856CD1C1}.Release|Any CPU.Build.0 = Release|Any CPU
		{C053B5B7-6BBD-42DF-A753-EC94A2D834C0}.Debug|Any CPU.ActiveCfg = Debug|Any CPU
		{C053B5B7-6BBD-42DF-A753-EC94A2D834C0}.Debug|Any CPU.Build.0 = Debug|Any CPU
		{C053B5B7-6BBD-42DF-A753-EC94A2D834C0}.Release|Any CPU.ActiveCfg = Release|Any CPU
		{C053B5B7-6BBD-42DF-A753-EC94A2D834C0}.Release|Any CPU.Build.0 = Release|Any CPU
	EndGlobalSection
	GlobalSection(SolutionProperties) = preSolution
		HideSolutionNode = FALSE
	EndGlobalSection
EndGlobal
